schema: '2.0'
stages:
  data_ingestion:
    cmd: python src/cnnClassifier/pipeline/stage_01_data_ingestion.py
    deps:
    - path: config/config.yaml
      hash: md5
      md5: 388da192d25baa02de1ea5ad1cc780c6
      size: 806
    - path: src/cnnClassifier/pipeline/stage_01_data_ingestion.py
      hash: md5
      md5: 382d7112fd0832966915ae273fd001bc
      size: 906
    outs:
    - path: artifacts/data_ingestion/Chicken-fecal-images
      hash: md5
      md5: 9e1f8dd2eae3c29e9d635df89d438ae4.dir
      size: 12207807
      nfiles: 390
  prepare_base_model:
    cmd: python src/cnnClassifier/pipeline/stage_02_prepare_base_model.py
    deps:
    - path: config/config.yaml
      hash: md5
      md5: 388da192d25baa02de1ea5ad1cc780c6
      size: 806
    - path: src/cnnClassifier/pipeline/stage_02_prepare_base_model.py
      hash: md5
      md5: 6ca3d6c3b3cbc65c1f802c1366a5be01
      size: 995
    params:
      params.yaml:
        CLASSES: 2
        IMAGE_SIZE:
        - 224
        - 224
        - 3
        INCLUDE_TOP: false
        LEARNING_RATE: 0.01
        WEIGHTS: imagenet
    outs:
    - path: artifacts/prepare_base_model
      hash: md5
      md5: 267c5bc36dedac148b0e69f8468426b5.dir
      size: 118053368
      nfiles: 2
  training:
    cmd: python src/cnnClassifier/pipeline/stage_03_training.py
    deps:
    - path: artifacts/data_ingestion/Chicken-fecal-images
      hash: md5
      md5: 9e1f8dd2eae3c29e9d635df89d438ae4.dir
      size: 12207807
      nfiles: 390
    - path: artifacts/prepare_base_model
      hash: md5
      md5: 267c5bc36dedac148b0e69f8468426b5.dir
      size: 118053368
      nfiles: 2
    - path: config/config.yaml
      hash: md5
      md5: 388da192d25baa02de1ea5ad1cc780c6
      size: 806
    - path: src/cnnClassifier/components/prepare_callbacks.py
      hash: md5
      md5: 2faf5d5868b4d1e69050ecac0aae1f2f
      size: 1021
    - path: src/cnnClassifier/pipeline/stage_03_training.py
      hash: md5
      md5: 4211c8b2f84633e573250ee4c3c68770
      size: 1266
    params:
      params.yaml:
        AUGMENTATION: true
        BATCH_SIZE: 16
        EPOCHS: 1
        IMAGE_SIZE:
        - 224
        - 224
        - 3
    outs:
    - path: artifacts/training/model.h5
      hash: md5
      md5: 965b09cc0056b5e57d00c48b450e5cb2
      size: 59135136
  evaluation:
    cmd: python src/cnnClassifier/pipeline/stage_04_evaluation.py
    deps:
    - path: artifacts/data_ingestion/Chicken-fecal-images
      hash: md5
      md5: 9e1f8dd2eae3c29e9d635df89d438ae4.dir
      size: 12207807
      nfiles: 390
    - path: artifacts/training/model.h5
      hash: md5
      md5: 965b09cc0056b5e57d00c48b450e5cb2
      size: 59135136
    - path: config/config.yaml
      hash: md5
      md5: 388da192d25baa02de1ea5ad1cc780c6
      size: 806
    - path: src/cnnClassifier/pipeline/stage_04_evaluation.py
      hash: md5
      md5: 47e4f58c5f2f5cb0155abb5b6e7a3977
      size: 883
    params:
      params.yaml:
        BATCH_SIZE: 16
        IMAGE_SIZE:
        - 224
        - 224
        - 3
    outs:
    - path: scores.json
      hash: md5
      md5: a5689772b602e10b2c136a028dfb55c6
      size: 58
